// !$*UTF8*$!
{
	archiveVersion = 1;
	classes = {
	};
	objectVersion = 46;
	objects = {

/* Begin PBXBuildFile section */
		AA2FC7061C6E2412002F3253 /* AppDelegate.swift in Sources */ = {isa = PBXBuildFile; fileRef = AA2FC7051C6E2412002F3253 /* AppDelegate.swift */; };
		AA2FC7081C6E2412002F3253 /* ViewController.swift in Sources */ = {isa = PBXBuildFile; fileRef = AA2FC7071C6E2412002F3253 /* ViewController.swift */; };
		AA2FC70B1C6E2412002F3253 /* Main.storyboard in Resources */ = {isa = PBXBuildFile; fileRef = AA2FC7091C6E2412002F3253 /* Main.storyboard */; };
		AA2FC70D1C6E2412002F3253 /* Assets.xcassets in Resources */ = {isa = PBXBuildFile; fileRef = AA2FC70C1C6E2412002F3253 /* Assets.xcassets */; };
		AA2FC7101C6E2412002F3253 /* LaunchScreen.storyboard in Resources */ = {isa = PBXBuildFile; fileRef = AA2FC70E1C6E2412002F3253 /* LaunchScreen.storyboard */; };
		AA2FC71B1C6E2412002F3253 /* BoomApp_Tests.swift in Sources */ = {isa = PBXBuildFile; fileRef = AA2FC71A1C6E2412002F3253 /* BoomApp_Tests.swift */; };
		AA2FC7261C6E2412002F3253 /* BoomApp_UITests.swift in Sources */ = {isa = PBXBuildFile; fileRef = AA2FC7251C6E2412002F3253 /* BoomApp_UITests.swift */; };
/* End PBXBuildFile section */

/* Begin PBXContainerItemProxy section */
		AA2FC7171C6E2412002F3253 /* PBXContainerItemProxy */ = {
			isa = PBXContainerItemProxy;
			containerPortal = AA2FC6FA1C6E2412002F3253 /* Project object */;
			proxyType = 1;
			remoteGlobalIDString = AA2FC7011C6E2412002F3253;
			remoteInfo = "BoomApp!";
		};
		AA2FC7221C6E2412002F3253 /* PBXContainerItemProxy */ = {
			isa = PBXContainerItemProxy;
			containerPortal = AA2FC6FA1C6E2412002F3253 /* Project object */;
			proxyType = 1;
			remoteGlobalIDString = AA2FC7011C6E2412002F3253;
			remoteInfo = "BoomApp!";
		};
/* End PBXContainerItemProxy section */

/* Begin PBXFileReference section */
		AA2FC7021C6E2412002F3253 /* BoomApp!.app */ = {isa = PBXFileReference; explicitFileType = wrapper.application; includeInIndex = 0; path = "BoomApp!.app"; sourceTree = BUILT_PRODUCTS_DIR; };
		AA2FC7051C6E2412002F3253 /* AppDelegate.swift */ = {isa = PBXFileReference; lastKnownFileType = sourcecode.swift; path = AppDelegate.swift; sourceTree = "<group>"; };
		AA2FC7071C6E2412002F3253 /* ViewController.swift */ = {isa = PBXFileReference; lastKnownFileType = sourcecode.swift; path = ViewController.swift; sourceTree = "<group>"; };
		AA2FC70A1C6E2412002F3253 /* Base */ = {isa = PBXFileReference; lastKnownFileType = file.storyboard; name = Base; path = Base.lproj/Main.storyboard; sourceTree = "<group>"; };
		AA2FC70C1C6E2412002F3253 /* Assets.xcassets */ = {isa = PBXFileReference; lastKnownFileType = folder.assetcatalog; path = Assets.xcassets; sourceTree = "<group>"; };
		AA2FC70F1C6E2412002F3253 /* Base */ = {isa = PBXFileReference; lastKnownFileType = file.storyboard; name = Base; path = Base.lproj/LaunchScreen.storyboard; sourceTree = "<group>"; };
		AA2FC7111C6E2412002F3253 /* Info.plist */ = {isa = PBXFileReference; lastKnownFileType = text.plist.xml; path = Info.plist; sourceTree = "<group>"; };
		AA2FC7161C6E2412002F3253 /* BoomApp!Tests.xctest */ = {isa = PBXFileReference; explicitFileType = wrapper.cfbundle; includeInIndex = 0; path = "BoomApp!Tests.xctest"; sourceTree = BUILT_PRODUCTS_DIR; };
		AA2FC71A1C6E2412002F3253 /* BoomApp_Tests.swift */ = {isa = PBXFileReference; lastKnownFileType = sourcecode.swift; path = BoomApp_Tests.swift; sourceTree = "<group>"; };
		AA2FC71C1C6E2412002F3253 /* Info.plist */ = {isa = PBXFileReference; lastKnownFileType = text.plist.xml; path = Info.plist; sourceTree = "<group>"; };
		AA2FC7211C6E2412002F3253 /* BoomApp!UITests.xctest */ = {isa = PBXFileReference; explicitFileType = wrapper.cfbundle; includeInIndex = 0; path = "BoomApp!UITests.xctest"; sourceTree = BUILT_PRODUCTS_DIR; };
		AA2FC7251C6E2412002F3253 /* BoomApp_UITests.swift */ = {isa = PBXFileReference; lastKnownFileType = sourcecode.swift; path = BoomApp_UITests.swift; sourceTree = "<group>"; };
		AA2FC7271C6E2412002F3253 /* Info.plist */ = {isa = PBXFileReference; lastKnownFileType = text.plist.xml; path = Info.plist; sourceTree = "<group>"; };
/* End PBXFileReference section */

/* Begin PBXFrameworksBuildPhase section */
		AA2FC6FF1C6E2412002F3253 /* Frameworks */ = {
			isa = PBXFrameworksBuildPhase;
			buildActionMask = 2147483647;
			files = (
			);
			runOnlyForDeploymentPostprocessing = 0;
		};
		AA2FC7131C6E2412002F3253 /* Frameworks */ = {
			isa = PBXFrameworksBuildPhase;
			buildActionMask = 2147483647;
			files = (
			);
			runOnlyForDeploymentPostprocessing = 0;
		};
		AA2FC71E1C6E2412002F3253 /* Frameworks */ = {
			isa = PBXFrameworksBuildPhase;
			buildActionMask = 2147483647;
			files = (
			);
			runOnlyForDeploymentPostprocessing = 0;
		};
/* End PBXFrameworksBuildPhase section */

/* Begin PBXGroup section */
		AA2FC6F91C6E2412002F3253 = {
			isa = PBXGroup;
			children = (
				AA2FC7041C6E2412002F3253 /* BoomApp! */,
				AA2FC7191C6E2412002F3253 /* BoomApp!Tests */,
				AA2FC7241C6E2412002F3253 /* BoomApp!UITests */,
				AA2FC7031C6E2412002F3253 /* Products */,
			);
			sourceTree = "<group>";
		};
		AA2FC7031C6E2412002F3253 /* Products */ = {
			isa = PBXGroup;
			children = (
				AA2FC7021C6E2412002F3253 /* BoomApp!.app */,
				AA2FC7161C6E2412002F3253 /* BoomApp!Tests.xctest */,
				AA2FC7211C6E2412002F3253 /* BoomApp!UITests.xctest */,
			);
			name = Products;
			sourceTree = "<group>";
		};
		AA2FC7041C6E2412002F3253 /* BoomApp! */ = {
			isa = PBXGroup;
			children = (
				AA2FC7051C6E2412002F3253 /* AppDelegate.swift */,
				AA2FC7071C6E2412002F3253 /* ViewController.swift */,
				AA2FC7091C6E2412002F3253 /* Main.storyboard */,
				AA2FC70C1C6E2412002F3253 /* Assets.xcassets */,
				AA2FC70E1C6E2412002F3253 /* LaunchScreen.storyboard */,
				AA2FC7111C6E2412002F3253 /* Info.plist */,
			);
			path = "BoomApp!";
			sourceTree = "<group>";
		};
		AA2FC7191C6E2412002F3253 /* BoomApp!Tests */ = {
			isa = PBXGroup;
			children = (
				AA2FC71A1C6E2412002F3253 /* BoomApp_Tests.swift */,
				AA2FC71C1C6E2412002F3253 /* Info.plist */,
			);
			path = "BoomApp!Tests";
			sourceTree = "<group>";
		};
		AA2FC7241C6E2412002F3253 /* BoomApp!UITests */ = {
			isa = PBXGroup;
			children = (
				AA2FC7251C6E2412002F3253 /* BoomApp_UITests.swift */,
				AA2FC7271C6E2412002F3253 /* Info.plist */,
			);
			path = "BoomApp!UITests";
			sourceTree = "<group>";
		};
/* End PBXGroup section */

/* Begin PBXNativeTarget section */
		AA2FC7011C6E2412002F3253 /* BoomApp! */ = {
			isa = PBXNativeTarget;
			buildConfigurationList = AA2FC72A1C6E2412002F3253 /* Build configuration list for PBXNativeTarget "BoomApp!" */;
			buildPhases = (
				AA2FC6FE1C6E2412002F3253 /* Sources */,
				AA2FC6FF1C6E2412002F3253 /* Frameworks */,
				AA2FC7001C6E2412002F3253 /* Resources */,
			);
			buildRules = (
			);
			dependencies = (
			);
			name = "BoomApp!";
			productName = "BoomApp!";
			productReference = AA2FC7021C6E2412002F3253 /* BoomApp!.app */;
			productType = "com.apple.product-type.application";
		};
		AA2FC7151C6E2412002F3253 /* BoomApp!Tests */ = {
			isa = PBXNativeTarget;
			buildConfigurationList = AA2FC72D1C6E2412002F3253 /* Build configuration list for PBXNativeTarget "BoomApp!Tests" */;
			buildPhases = (
				AA2FC7121C6E2412002F3253 /* Sources */,
				AA2FC7131C6E2412002F3253 /* Frameworks */,
				AA2FC7141C6E2412002F3253 /* Resources */,
			);
			buildRules = (
			);
			dependencies = (
				AA2FC7181C6E2412002F3253 /* PBXTargetDependency */,
			);
			name = "BoomApp!Tests";
			productName = "BoomApp!Tests";
			productReference = AA2FC7161C6E2412002F3253 /* BoomApp!Tests.xctest */;
			productType = "com.apple.product-type.bundle.unit-test";
		};
		AA2FC7201C6E2412002F3253 /* BoomApp!UITests */ = {
			isa = PBXNativeTarget;
			buildConfigurationList = AA2FC7301C6E2412002F3253 /* Build configuration list for PBXNativeTarget "BoomApp!UITests" */;
			buildPhases = (
				AA2FC71D1C6E2412002F3253 /* Sources */,
				AA2FC71E1C6E2412002F3253 /* Frameworks */,
				AA2FC71F1C6E2412002F3253 /* Resources */,
			);
			buildRules = (
			);
			dependencies = (
				AA2FC7231C6E2412002F3253 /* PBXTargetDependency */,
			);
			name = "BoomApp!UITests";
			productName = "BoomApp!UITests";
			productReference = AA2FC7211C6E2412002F3253 /* BoomApp!UITests.xctest */;
			productType = "com.apple.product-type.bundle.ui-testing";
		};
/* End PBXNativeTarget section */

/* Begin PBXProject section */
		AA2FC6FA1C6E2412002F3253 /* Project object */ = {
			isa = PBXProject;
			attributes = {
				LastSwiftUpdateCheck = 0720;
				LastUpgradeCheck = 0720;
				ORGANIZATIONNAME = "Gary Grape Productions";
				TargetAttributes = {
					AA2FC7011C6E2412002F3253 = {
						CreatedOnToolsVersion = 7.2.1;
					};
					AA2FC7151C6E2412002F3253 = {
						CreatedOnToolsVersion = 7.2.1;
						TestTargetID = AA2FC7011C6E2412002F3253;
					};
					AA2FC7201C6E2412002F3253 = {
						CreatedOnToolsVersion = 7.2.1;
						TestTargetID = AA2FC7011C6E2412002F3253;
					};
				};
			};
			buildConfigurationList = AA2FC6FD1C6E2412002F3253 /* Build configuration list for PBXProject "BoomApp!" */;
			compatibilityVersion = "Xcode 3.2";
			developmentRegion = English;
			hasScannedForEncodings = 0;
			knownRegions = (
				en,
				Base,
			);
			mainGroup = AA2FC6F91C6E2412002F3253;
			productRefGroup = AA2FC7031C6E2412002F3253 /* Products */;
			projectDirPath = "";
			projectRoot = "";
			targets = (
				AA2FC7011C6E2412002F3253 /* BoomApp! */,
				AA2FC7151C6E2412002F3253 /* BoomApp!Tests */,
				AA2FC7201C6E2412002F3253 /* BoomApp!UITests */,
			);
		};
/* End PBXProject section */

/* Begin PBXResourcesBuildPhase section */
		AA2FC7001C6E2412002F3253 /* Resources */ = {
			isa = PBXResourcesBuildPhase;
			buildActionMask = 2147483647;
			files = (
				AA2FC7101C6E2412002F3253 /* LaunchScreen.storyboard in Resources */,
				AA2FC70D1C6E2412002F3253 /* Assets.xcassets in Resources */,
				AA2FC70B1C6E2412002F3253 /* Main.storyboard in Resources */,
			);
			runOnlyForDeploymentPostprocessing = 0;
		};
		AA2FC7141C6E2412002F3253 /* Resources */ = {
			isa = PBXResourcesBuildPhase;
			buildActionMask = 2147483647;
			files = (
			);
			runOnlyForDeploymentPostprocessing = 0;
		};
		AA2FC71F1C6E2412002F3253 /* Resources */ = {
			isa = PBXResourcesBuildPhase;
			buildActionMask = 2147483647;
			files = (
			);
			runOnlyForDeploymentPostprocessing = 0;
		};
/* End PBXResourcesBuildPhase section */

/* Begin PBXSourcesBuildPhase section */
		AA2FC6FE1C6E2412002F3253 /* Sources */ = {
			isa = PBXSourcesBuildPhase;
			buildActionMask = 2147483647;
			files = (
				AA2FC7081C6E2412002F3253 /* ViewController.swift in Sources */,
				AA2FC7061C6E2412002F3253 /* AppDelegate.swift in Sources */,
			);
			runOnlyForDeploymentPostprocessing = 0;
		};
		AA2FC7121C6E2412002F3253 /* Sources */ = {
			isa = PBXSourcesBuildPhase;
			buildActionMask = 2147483647;
			files = (
				AA2FC71B1C6E2412002F3253 /* BoomApp_Tests.swift in Sources */,
			);
			runOnlyForDeploymentPostprocessing = 0;
		};
		AA2FC71D1C6E2412002F3253 /* Sources */ = {
			isa = PBXSourcesBuildPhase;
			buildActionMask = 2147483647;
			files = (
				AA2FC7261C6E2412002F3253 /* BoomApp_UITests.swift in Sources */,
			);
			runOnlyForDeploymentPostprocessing = 0;
		};
/* End PBXSourcesBuildPhase section */

/* Begin PBXTargetDependency section */
		AA2FC7181C6E2412002F3253 /* PBXTargetDependency */ = {
			isa = PBXTargetDependency;
			target = AA2FC7011C6E2412002F3253 /* BoomApp! */;
			targetProxy = AA2FC7171C6E2412002F3253 /* PBXContainerItemProxy */;
		};
		AA2FC7231C6E2412002F3253 /* PBXTargetDependency */ = {
			isa = PBXTargetDependency;
			target = AA2FC7011C6E2412002F3253 /* BoomApp! */;
			targetProxy = AA2FC7221C6E2412002F3253 /* PBXContainerItemProxy */;
		};
/* End PBXTargetDependency section */

/* Begin PBXVariantGroup section */
		AA2FC7091C6E2412002F3253 /* Main.storyboard */ = {
			isa = PBXVariantGroup;
			children = (
				AA2FC70A1C6E2412002F3253 /* Base */,
			);
			name = Main.storyboard;
			sourceTree = "<group>";
		};
		AA2FC70E1C6E2412002F3253 /* LaunchScreen.storyboard */ = {
			isa = PBXVariantGroup;
			children = (
				AA2FC70F1C6E2412002F3253 /* Base */,
			);
			name = LaunchScreen.storyboard;
			sourceTree = "<group>";
		};
/* End PBXVariantGroup section */

/* Begin XCBuildConfiguration section */
		AA2FC7281C6E2412002F3253 /* Debug */ = {
			isa = XCBuildConfiguration;
			buildSettings = {
				ALWAYS_SEARCH_USER_PATHS = NO;
				CLANG_CXX_LANGUAGE_STANDARD = "gnu++0x";
				CLANG_CXX_LIBRARY = "libc++";
				CLANG_ENABLE_MODULES = YES;
				CLANG_ENABLE_OBJC_ARC = YES;
				CLANG_WARN_BOOL_CONVERSION = YES;
				CLANG_WARN_CONSTANT_CONVERSION = YES;
				CLANG_WARN_DIRECT_OBJC_ISA_USAGE = YES_ERROR;
				CLANG_WARN_EMPTY_BODY = YES;
				CLANG_WARN_ENUM_CONVERSION = YES;
				CLANG_WARN_INT_CONVERSION = YES;
				CLANG_WARN_OBJC_ROOT_CLASS = YES_ERROR;
				CLANG_WARN_UNREACHABLE_CODE = YES;
				CLANG_WARN__DUPLICATE_METHOD_MATCH = YES;
				"CODE_SIGN_IDENTITY[sdk=iphoneos*]" = "iPhone Developer";
				COPY_PHASE_STRIP = NO;
				DEBUG_INFORMATION_FORMAT = dwarf;
				ENABLE_STRICT_OBJC_MSGSEND = YES;
				ENABLE_TESTABILITY = YES;
				GCC_C_LANGUAGE_STANDARD = gnu99;
				GCC_DYNAMIC_NO_PIC = NO;
				GCC_NO_COMMON_BLOCKS = YES;
				GCC_OPTIMIZATION_LEVEL = 0;
				GCC_PREPROCESSOR_DEFINITIONS = (
					"DEBUG=1",
					"$(inherited)",
				);
				GCC_WARN_64_TO_32_BIT_CONVERSION = YES;
				GCC_WARN_ABOUT_RETURN_TYPE = YES_ERROR;
				GCC_WARN_UNDECLARED_SELECTOR = YES;
				GCC_WARN_UNINITIALIZED_AUTOS = YES_AGGRESSIVE;
				GCC_WARN_UNUSED_FUNCTION = YES;
				GCC_WARN_UNUSED_VARIABLE = YES;
				IPHONEOS_DEPLOYMENT_TARGET = 9.2;
				MTL_ENABLE_DEBUG_INFO = YES;
				ONLY_ACTIVE_ARCH = YES;
				SDKROOT = iphoneos;
				SWIFT_OPTIMIZATION_LEVEL = "-Onone";
			};
			name = Debug;
		};
		AA2FC7291C6E2412002F3253 /* Release */ = {
			isa = XCBuildConfiguration;
			buildSettings = {
				ALWAYS_SEARCH_USER_PATHS = NO;
				CLANG_CXX_LANGUAGE_STANDARD = "gnu++0x";
				CLANG_CXX_LIBRARY = "libc++";
				CLANG_ENABLE_MODULES = YES;
				CLANG_ENABLE_OBJC_ARC = YES;
				CLANG_WARN_BOOL_CONVERSION = YES;
				CLANG_WARN_CONSTANT_CONVERSION = YES;
				CLANG_WARN_DIRECT_OBJC_ISA_USAGE = YES_ERROR;
				CLANG_WARN_EMPTY_BODY = YES;
				CLANG_WARN_ENUM_CONVERSION = YES;
				CLANG_WARN_INT_CONVERSION = YES;
				CLANG_WARN_OBJC_ROOT_CLASS = YES_ERROR;
				CLANG_WARN_UNREACHABLE_CODE = YES;
				CLANG_WARN__DUPLICATE_METHOD_MATCH = YES;
				"CODE_SIGN_IDENTITY[sdk=iphoneos*]" = "iPhone Developer";
				COPY_PHASE_STRIP = NO;
				DEBUG_INFORMATION_FORMAT = "dwarf-with-dsym";
				ENABLE_NS_ASSERTIONS = NO;
				ENABLE_STRICT_OBJC_MSGSEND = YES;
				GCC_C_LANGUAGE_STANDARD = gnu99;
				GCC_NO_COMMON_BLOCKS = YES;
				GCC_WARN_64_TO_32_BIT_CONVERSION = YES;
				GCC_WARN_ABOUT_RETURN_TYPE = YES_ERROR;
				GCC_WARN_UNDECLARED_SELECTOR = YES;
				GCC_WARN_UNINITIALIZED_AUTOS = YES_AGGRESSIVE;
				GCC_WARN_UNUSED_FUNCTION = YES;
				GCC_WARN_UNUSED_VARIABLE = YES;
				IPHONEOS_DEPLOYMENT_TARGET = 9.2;
				MTL_ENABLE_DEBUG_INFO = NO;
				SDKROOT = iphoneos;
				VALIDATE_PRODUCT = YES;
			};
			name = Release;
		};
		AA2FC72B1C6E2412002F3253 /* Debug */ = {
			isa = XCBuildConfiguration;
			buildSettings = {
				ASSETCATALOG_COMPILER_APPICON_NAME = AppIcon;
				INFOPLIST_FILE = "BoomApp!/Info.plist";
				LD_RUNPATH_SEARCH_PATHS = "$(inherited) @executable_path/Frameworks";
				PRODUCT_BUNDLE_IDENTIFIER = "io.garygrapeproductions.BoomApp-";
				PRODUCT_NAME = "$(TARGET_NAME)";
			};
			name = Debug;
		};
		AA2FC72C1C6E2412002F3253 /* Release */ = {
			isa = XCBuildConfiguration;
			buildSettings = {
				ASSETCATALOG_COMPILER_APPICON_NAME = AppIcon;
				INFOPLIST_FILE = "BoomApp!/Info.plist";
				LD_RUNPATH_SEARCH_PATHS = "$(inherited) @executable_path/Frameworks";
				PRODUCT_BUNDLE_IDENTIFIER = "io.garygrapeproductions.BoomApp-";
				PRODUCT_NAME = "$(TARGET_NAME)";
			};
			name = Release;
		};
		AA2FC72E1C6E2412002F3253 /* Debug */ = {
			isa = XCBuildConfiguration;
			buildSettings = {
				BUNDLE_LOADER = "$(TEST_HOST)";
				INFOPLIST_FILE = "BoomApp!Tests/Info.plist";
				LD_RUNPATH_SEARCH_PATHS = "$(inherited) @executable_path/Frameworks @loader_path/Frameworks";
				PRODUCT_BUNDLE_IDENTIFIER = "io.garygrapeproductions.BoomApp-Tests";
				PRODUCT_NAME = "$(TARGET_NAME)";
				TEST_HOST = "$(BUILT_PRODUCTS_DIR)/BoomApp!.app/BoomApp!";
			};
			name = Debug;
		};
		AA2FC72F1C6E2412002F3253 /* Release */ = {
			isa = XCBuildConfiguration;
			buildSettings = {
				BUNDLE_LOADER = "$(TEST_HOST)";
				INFOPLIST_FILE = "BoomApp!Tests/Info.plist";
				LD_RUNPATH_SEARCH_PATHS = "$(inherited) @executable_path/Frameworks @loader_path/Frameworks";
				PRODUCT_BUNDLE_IDENTIFIER = "io.garygrapeproductions.BoomApp-Tests";
				PRODUCT_NAME = "$(TARGET_NAME)";
				TEST_HOST = "$(BUILT_PRODUCTS_DIR)/BoomApp!.app/BoomApp!";
			};
			name = Release;
		};
		AA2FC7311C6E2412002F3253 /* Debug */ = {
			isa = XCBuildConfiguration;
			buildSettings = {
				INFOPLIST_FILE = "BoomApp!UITests/Info.plist";
				LD_RUNPATH_SEARCH_PATHS = "$(inherited) @executable_path/Frameworks @loader_path/Frameworks";
				PRODUCT_BUNDLE_IDENTIFIER = "io.garygrapeproductions.BoomApp-UITests";
				PRODUCT_NAME = "$(TARGET_NAME)";
				TEST_TARGET_NAME = "BoomApp!";
				USES_XCTRUNNER = YES;
			};
			name = Debug;
		};
		AA2FC7321C6E2412002F3253 /* Release */ = {
			isa = XCBuildConfiguration;
			buildSettings = {
				INFOPLIST_FILE = "BoomApp!UITests/Info.plist";
				LD_RUNPATH_SEARCH_PATHS = "$(inherited) @executable_path/Frameworks @loader_path/Frameworks";
				PRODUCT_BUNDLE_IDENTIFIER = "io.garygrapeproductions.BoomApp-UITests";
				PRODUCT_NAME = "$(TARGET_NAME)";
				TEST_TARGET_NAME = "BoomApp!";
				USES_XCTRUNNER = YES;
			};
			name = Release;
		};
/* End XCBuildConfiguration section */

/* Begin XCConfigurationList section */
		AA2FC6FD1C6E2412002F3253 /* Build configuration list for PBXProject "BoomApp!" */ = {
			isa = XCConfigurationList;
			buildConfigurations = (
				AA2FC7281C6E2412002F3253 /* Debug */,
				AA2FC7291C6E2412002F3253 /* Release */,
			);
			defaultConfigurationIsVisible = 0;
			defaultConfigurationName = Release;
		};
		AA2FC72A1C6E2412002F3253 /* Build configuration list for PBXNativeTarget "BoomApp!" */ = {
			isa = XCConfigurationList;
			buildConfigurations = (
				AA2FC72B1C6E2412002F3253 /* Debug */,
				AA2FC72C1C6E2412002F3253 /* Release */,
			);
			defaultConfigurationIsVisible = 0;
		};
		AA2FC72D1C6E2412002F3253 /* Build configuration list for PBXNativeTarget "BoomApp!Tests" */ = {
			isa = XCConfigurationList;
			buildConfigurations = (
				AA2FC72E1C6E2412002F3253 /* Debug */,
				AA2FC72F1C6E2412002F3253 /* Release */,
			);
			defaultConfigurationIsVisible = 0;
		};
		AA2FC7301C6E2412002F3253 /* Build configuration list for PBXNativeTarget "BoomApp!UITests" */ = {
			isa = XCConfigurationList;
			buildConfigurations = (
				AA2FC7311C6E2412002F3253 /* Debug */,
				AA2FC7321C6E2412002F3253 /* Release */,
			);
			defaultConfigurationIsVisible = 0;
		};
/* End XCConfigurationList section */
	};
	rootObject = AA2FC6FA1C6E2412002F3253 /* Project object */;
}
